
Microsoft Visual Studio Solution File, Format Version 12.00
# Visual Studio Version 16
VisualStudioVersion = 16.0.30907.101
MinimumVisualStudioVersion = 10.0.40219.1
Project("{9A19103F-16F7-4668-BE54-9A1E7A4F7556}") = "AutoFixture.Community.Customizations.LoggerFactoryCustomizations", "src\Autofixture.Customizations.ILoggerFactory\AutoFixture.Community.Customizations.LoggerFactoryCustomizations.csproj", "{CF5FC804-EF74-4546-8352-62755E539873}"
EndProject
Project("{9A19103F-16F7-4668-BE54-9A1E7A4F7556}") = "AutoFixture.Customizations.LoggerFactoryCustomizations.Tests", "tests\AutoFixture.Customizations.LoggerFactoryCustomization.Tests\AutoFixture.Customizations.LoggerFactoryCustomizations.Tests.csproj", "{3C1F14B8-3CD3-4E38-813D-BF6A8BDC9B00}"
EndProject
Global
	GlobalSection(SolutionConfigurationPlatforms) = preSolution
		Debug|Any CPU = Debug|Any CPU
		Release|Any CPU = Release|Any CPU
	EndGlobalSection
	GlobalSection(ProjectConfigurationPlatforms) = postSolution
		{CF5FC804-EF74-4546-8352-62755E539873}.Debug|Any CPU.ActiveCfg = Debug|Any CPU
		{CF5FC804-EF74-4546-8352-62755E539873}.Debug|Any CPU.Build.0 = Debug|Any CPU
		{CF5FC804-EF74-4546-8352-62755E539873}.Release|Any CPU.ActiveCfg = Release|Any CPU
		{CF5FC804-EF74-4546-8352-62755E539873}.Release|Any CPU.Build.0 = Release|Any CPU
		{3C1F14B8-3CD3-4E38-813D-BF6A8BDC9B00}.Debug|Any CPU.ActiveCfg = Debug|Any CPU
		{3C1F14B8-3CD3-4E38-813D-BF6A8BDC9B00}.Debug|Any CPU.Build.0 = Debug|Any CPU
		{3C1F14B8-3CD3-4E38-813D-BF6A8BDC9B00}.Release|Any CPU.ActiveCfg = Release|Any CPU
		{3C1F14B8-3CD3-4E38-813D-BF6A8BDC9B00}.Release|Any CPU.Build.0 = Release|Any CPU
	EndGlobalSection
	GlobalSection(SolutionProperties) = preSolution
		HideSolutionNode = FALSE
	EndGlobalSection
	GlobalSection(ExtensibilityGlobals) = postSolution
		SolutionGuid = {216906AB-3B2F-4EBC-9692-7C1AEB5E9906}
	EndGlobalSection
EndGlobal
